
Microsoft Visual Studio Solution File, Format Version 12.00
# Visual Studio Version 16
VisualStudioVersion = 16.0.31205.134
MinimumVisualStudioVersion = 10.0.40219.1
Project("{FAE04EC0-301F-11D3-BF4B-00C04F79EFBC}") = "Helloworld", "Helloworld\Helloworld.csproj", "{9BCC3FE1-DC87-4093-98BB-0347934021AC}"
EndProject
Project("{FAE04EC0-301F-11D3-BF4B-00C04F79EFBC}") = "Variables", "Variables\Variables.csproj", "{00C5F2BB-77DD-471F-BD17-323F591A358E}"
EndProject
Project("{FAE04EC0-301F-11D3-BF4B-00C04F79EFBC}") = "TypeConversions", "TypeConversions\TypeConversions.csproj", "{6D8D4936-C32A-4B97-87B8-DC6DE280AD68}"
EndProject
Project("{FAE04EC0-301F-11D3-BF4B-00C04F79EFBC}") = "Operators", "Operators\Operators.csproj", "{27507919-652A-4B7E-916F-F544517FA384}"
EndProject
Project("{FAE04EC0-301F-11D3-BF4B-00C04F79EFBC}") = "Classes", "Classes\Classes.csproj", "{CB69FC2B-D705-43C7-A4A6-F1BF9A2478EE}"
EndProject
Project("{FAE04EC0-301F-11D3-BF4B-00C04F79EFBC}") = "Arrays", "Arrays\Arrays.csproj", "{92C84A7D-152E-4A41-B581-F730D5D289B1}"
EndProject
Project("{FAE04EC0-301F-11D3-BF4B-00C04F79EFBC}") = "Enums", "Enums\Enums.csproj", "{A2309635-80CC-40F0-A480-6B7799FADC73}"
EndProject
Project("{FAE04EC0-301F-11D3-BF4B-00C04F79EFBC}") = "ConsoleReadWrite", "ConsoleReadWrite\ConsoleReadWrite.csproj", "{6BB49D8D-684C-40F0-AD94-8880194B291B}"
EndProject
Project("{FAE04EC0-301F-11D3-BF4B-00C04F79EFBC}") = "NullableType", "NullableType\NullableType.csproj", "{A2FC554C-D339-4C8E-972C-54608022EA2E}"
EndProject
Project("{FAE04EC0-301F-11D3-BF4B-00C04F79EFBC}") = "IfElse", "IfElse\IfElse.csproj", "{D45D9F62-079A-41F1-8FC2-380CC8A63534}"
EndProject
Project("{FAE04EC0-301F-11D3-BF4B-00C04F79EFBC}") = "NestedIfAndSwitch", "NestedIfAndSwitch\NestedIfAndSwitch.csproj", "{54744A8C-E435-47EF-B017-2DDB33AF7602}"
EndProject
Project("{FAE04EC0-301F-11D3-BF4B-00C04F79EFBC}") = "Loops", "Loops\Loops.csproj", "{221ABB9B-4D85-4713-95DA-373B0D717057}"
EndProject
Project("{FAE04EC0-301F-11D3-BF4B-00C04F79EFBC}") = "TypesOfArrays", "TypesOfArrays\TypesOfArrays.csproj", "{A6C3603E-0346-4D08-8017-F109470BC434}"
EndProject
Project("{FAE04EC0-301F-11D3-BF4B-00C04F79EFBC}") = "Lists", "Lists\Lists.csproj", "{3FC67CAE-F3CE-42F8-9E50-E1DC26A1476A}"
EndProject
Project("{FAE04EC0-301F-11D3-BF4B-00C04F79EFBC}") = "ArraysWithUserInput", "ArraysWithUserInput\ArraysWithUserInput.csproj", "{12E1551D-B52F-4D28-9952-DE2199EB9FF1}"
EndProject
Project("{FAE04EC0-301F-11D3-BF4B-00C04F79EFBC}") = "Constructors", "Constructors\Constructors.csproj", "{1C5460CA-35E2-49B1-BD0A-0B736DDEE900}"
EndProject
Project("{FAE04EC0-301F-11D3-BF4B-00C04F79EFBC}") = "Methods", "Methods\Methods.csproj", "{A278A712-7C8A-46A5-8F59-253DD8F644A8}"
EndProject
Project("{FAE04EC0-301F-11D3-BF4B-00C04F79EFBC}") = "AccessModifiers", "AccessModifiers\AccessModifiers.csproj", "{03EC1944-8F33-4467-83A9-3F0FCA5911CC}"
EndProject
Project("{FAE04EC0-301F-11D3-BF4B-00C04F79EFBC}") = "Properties", "Properties\Properties.csproj", "{2165F74F-BE34-41B0-A32A-5A58B8060C01}"
EndProject
Project("{FAE04EC0-301F-11D3-BF4B-00C04F79EFBC}") = "Inheritance", "Inheritance\Inheritance.csproj", "{341B2679-A3C3-44A8-84C7-B77A6460F64B}"
EndProject
Project("{FAE04EC0-301F-11D3-BF4B-00C04F79EFBC}") = "ExceptionHandling", "ExceptionHandling\ExceptionHandling.csproj", "{37B75A98-36C8-4FF0-B1EC-BDFD2AD688CB}"
EndProject
Project("{FAE04EC0-301F-11D3-BF4B-00C04F79EFBC}") = "AbstractionAndPolymorphism", "AbstractionAndPolymorphism\AbstractionAndPolymorphism.csproj", "{3079C5D6-BEB5-46F4-8C1E-0D44BFA723C8}"
EndProject
Project("{FAE04EC0-301F-11D3-BF4B-00C04F79EFBC}") = "SingleInheritance", "SingleInheritance\SingleInheritance.csproj", "{346520F1-3421-4AA3-ACCD-89AD4EC53FFB}"
EndProject
Project("{FAE04EC0-301F-11D3-BF4B-00C04F79EFBC}") = "MultiLevelInheritance", "MultiLevelInheritance\MultiLevelInheritance.csproj", "{C7D107A3-311D-4DB3-BF5B-521B46BFA275}"
EndProject
Project("{FAE04EC0-301F-11D3-BF4B-00C04F79EFBC}") = "MultipleInheritanceWithoutInterfaces", "MultipleInheritanceWithoutInterfaces\MultipleInheritanceWithoutInterfaces.csproj", "{7BDDE153-C055-47F0-8859-A2AFB86FEC10}"
EndProject
Project("{FAE04EC0-301F-11D3-BF4B-00C04F79EFBC}") = "MultipleInheritanceWithInterfaces", "MultipleInheritanceWithInterfaces\MultipleInheritanceWithInterfaces.csproj", "{FECDDA6C-8461-44AF-8344-B805E7A6B17F}"
EndProject
Project("{FAE04EC0-301F-11D3-BF4B-00C04F79EFBC}") = "AbstractClass", "AbstractClass\AbstractClass.csproj", "{A9D245A4-F6FF-4867-9D57-DB6A870BB1EF}"
EndProject
Project("{FAE04EC0-301F-11D3-BF4B-00C04F79EFBC}") = "PartialClass", "PartialClass\PartialClass.csproj", "{DA5A59C7-F9E9-4BC8-8378-F41C30134990}"
EndProject
Project("{FAE04EC0-301F-11D3-BF4B-00C04F79EFBC}") = "Struct", "Struct\Struct.csproj", "{B4158A67-1ECB-4B4C-8D08-06ACCBF152F7}"
EndProject
Project("{FAE04EC0-301F-11D3-BF4B-00C04F79EFBC}") = "ConvertToStringAndToString", "ConvertToStringAndToString\ConvertToStringAndToString.csproj", "{1B7DB598-3782-48C6-AB08-BBDD371A3A6F}"
EndProject
Project("{FAE04EC0-301F-11D3-BF4B-00C04F79EFBC}") = "ListComplexTypeSorting", "ListComplexTypeSorting\ListComplexTypeSorting.csproj", "{9F86F64E-68CF-4483-8E15-12505050D63E}"
EndProject
Project("{FAE04EC0-301F-11D3-BF4B-00C04F79EFBC}") = "LambdaExpressions", "LambdaExpressions\LambdaExpressions.csproj", "{4318B605-6D0A-44F1-9434-B6FA0EC2A540}"
EndProject
Project("{FAE04EC0-301F-11D3-BF4B-00C04F79EFBC}") = "Thread", "Thread\Thread.csproj", "{81732BF3-57EE-44D8-A018-7D6871BBE511}"
EndProject
Project("{FAE04EC0-301F-11D3-BF4B-00C04F79EFBC}") = "AsyncAwait", "AsyncAwait\AsyncAwait.csproj", "{4A16EAA4-7319-4308-8AF9-74E922E80F57}"
EndProject
Global
	GlobalSection(SolutionConfigurationPlatforms) = preSolution
		Debug|Any CPU = Debug|Any CPU
		Release|Any CPU = Release|Any CPU
	EndGlobalSection
	GlobalSection(ProjectConfigurationPlatforms) = postSolution
		{9BCC3FE1-DC87-4093-98BB-0347934021AC}.Debug|Any CPU.ActiveCfg = Debug|Any CPU
		{9BCC3FE1-DC87-4093-98BB-0347934021AC}.Debug|Any CPU.Build.0 = Debug|Any CPU
		{9BCC3FE1-DC87-4093-98BB-0347934021AC}.Release|Any CPU.ActiveCfg = Release|Any CPU
		{9BCC3FE1-DC87-4093-98BB-0347934021AC}.Release|Any CPU.Build.0 = Release|Any CPU
		{00C5F2BB-77DD-471F-BD17-323F591A358E}.Debug|Any CPU.ActiveCfg = Debug|Any CPU
		{00C5F2BB-77DD-471F-BD17-323F591A358E}.Debug|Any CPU.Build.0 = Debug|Any CPU
		{00C5F2BB-77DD-471F-BD17-323F591A358E}.Release|Any CPU.ActiveCfg = Release|Any CPU
		{00C5F2BB-77DD-471F-BD17-323F591A358E}.Release|Any CPU.Build.0 = Release|Any CPU
		{6D8D4936-C32A-4B97-87B8-DC6DE280AD68}.Debug|Any CPU.ActiveCfg = Debug|Any CPU
		{6D8D4936-C32A-4B97-87B8-DC6DE280AD68}.Debug|Any CPU.Build.0 = Debug|Any CPU
		{6D8D4936-C32A-4B97-87B8-DC6DE280AD68}.Release|Any CPU.ActiveCfg = Release|Any CPU
		{6D8D4936-C32A-4B97-87B8-DC6DE280AD68}.Release|Any CPU.Build.0 = Release|Any CPU
		{27507919-652A-4B7E-916F-F544517FA384}.Debug|Any CPU.ActiveCfg = Debug|Any CPU
		{27507919-652A-4B7E-916F-F544517FA384}.Debug|Any CPU.Build.0 = Debug|Any CPU
		{27507919-652A-4B7E-916F-F544517FA384}.Release|Any CPU.ActiveCfg = Release|Any CPU
		{27507919-652A-4B7E-916F-F544517FA384}.Release|Any CPU.Build.0 = Release|Any CPU
		{CB69FC2B-D705-43C7-A4A6-F1BF9A2478EE}.Debug|Any CPU.ActiveCfg = Debug|Any CPU
		{CB69FC2B-D705-43C7-A4A6-F1BF9A2478EE}.Debug|Any CPU.Build.0 = Debug|Any CPU
		{CB69FC2B-D705-43C7-A4A6-F1BF9A2478EE}.Release|Any CPU.ActiveCfg = Release|Any CPU
		{CB69FC2B-D705-43C7-A4A6-F1BF9A2478EE}.Release|Any CPU.Build.0 = Release|Any CPU
		{92C84A7D-152E-4A41-B581-F730D5D289B1}.Debug|Any CPU.ActiveCfg = Debug|Any CPU
		{92C84A7D-152E-4A41-B581-F730D5D289B1}.Debug|Any CPU.Build.0 = Debug|Any CPU
		{92C84A7D-152E-4A41-B581-F730D5D289B1}.Release|Any CPU.ActiveCfg = Release|Any CPU
		{92C84A7D-152E-4A41-B581-F730D5D289B1}.Release|Any CPU.Build.0 = Release|Any CPU
		{A2309635-80CC-40F0-A480-6B7799FADC73}.Debug|Any CPU.ActiveCfg = Debug|Any CPU
		{A2309635-80CC-40F0-A480-6B7799FADC73}.Debug|Any CPU.Build.0 = Debug|Any CPU
		{A2309635-80CC-40F0-A480-6B7799FADC73}.Release|Any CPU.ActiveCfg = Release|Any CPU
		{A2309635-80CC-40F0-A480-6B7799FADC73}.Release|Any CPU.Build.0 = Release|Any CPU
		{6BB49D8D-684C-40F0-AD94-8880194B291B}.Debug|Any CPU.ActiveCfg = Debug|Any CPU
		{6BB49D8D-684C-40F0-AD94-8880194B291B}.Debug|Any CPU.Build.0 = Debug|Any CPU
		{6BB49D8D-684C-40F0-AD94-8880194B291B}.Release|Any CPU.ActiveCfg = Release|Any CPU
		{6BB49D8D-684C-40F0-AD94-8880194B291B}.Release|Any CPU.Build.0 = Release|Any CPU
		{A2FC554C-D339-4C8E-972C-54608022EA2E}.Debug|Any CPU.ActiveCfg = Debug|Any CPU
		{A2FC554C-D339-4C8E-972C-54608022EA2E}.Debug|Any CPU.Build.0 = Debug|Any CPU
		{A2FC554C-D339-4C8E-972C-54608022EA2E}.Release|Any CPU.ActiveCfg = Release|Any CPU
		{A2FC554C-D339-4C8E-972C-54608022EA2E}.Release|Any CPU.Build.0 = Release|Any CPU
		{D45D9F62-079A-41F1-8FC2-380CC8A63534}.Debug|Any CPU.ActiveCfg = Debug|Any CPU
		{D45D9F62-079A-41F1-8FC2-380CC8A63534}.Debug|Any CPU.Build.0 = Debug|Any CPU
		{D45D9F62-079A-41F1-8FC2-380CC8A63534}.Release|Any CPU.ActiveCfg = Release|Any CPU
		{D45D9F62-079A-41F1-8FC2-380CC8A63534}.Release|Any CPU.Build.0 = Release|Any CPU
		{54744A8C-E435-47EF-B017-2DDB33AF7602}.Debug|Any CPU.ActiveCfg = Debug|Any CPU
		{54744A8C-E435-47EF-B017-2DDB33AF7602}.Debug|Any CPU.Build.0 = Debug|Any CPU
		{54744A8C-E435-47EF-B017-2DDB33AF7602}.Release|Any CPU.ActiveCfg = Release|Any CPU
		{54744A8C-E435-47EF-B017-2DDB33AF7602}.Release|Any CPU.Build.0 = Release|Any CPU
		{221ABB9B-4D85-4713-95DA-373B0D717057}.Debug|Any CPU.ActiveCfg = Debug|Any CPU
		{221ABB9B-4D85-4713-95DA-373B0D717057}.Debug|Any CPU.Build.0 = Debug|Any CPU
		{221ABB9B-4D85-4713-95DA-373B0D717057}.Release|Any CPU.ActiveCfg = Release|Any CPU
		{221ABB9B-4D85-4713-95DA-373B0D717057}.Release|Any CPU.Build.0 = Release|Any CPU
		{A6C3603E-0346-4D08-8017-F109470BC434}.Debug|Any CPU.ActiveCfg = Debug|Any CPU
		{A6C3603E-0346-4D08-8017-F109470BC434}.Debug|Any CPU.Build.0 = Debug|Any CPU
		{A6C3603E-0346-4D08-8017-F109470BC434}.Release|Any CPU.ActiveCfg = Release|Any CPU
		{A6C3603E-0346-4D08-8017-F109470BC434}.Release|Any CPU.Build.0 = Release|Any CPU
		{3FC67CAE-F3CE-42F8-9E50-E1DC26A1476A}.Debug|Any CPU.ActiveCfg = Debug|Any CPU
		{3FC67CAE-F3CE-42F8-9E50-E1DC26A1476A}.Debug|Any CPU.Build.0 = Debug|Any CPU
		{3FC67CAE-F3CE-42F8-9E50-E1DC26A1476A}.Release|Any CPU.ActiveCfg = Release|Any CPU
		{3FC67CAE-F3CE-42F8-9E50-E1DC26A1476A}.Release|Any CPU.Build.0 = Release|Any CPU
		{12E1551D-B52F-4D28-9952-DE2199EB9FF1}.Debug|Any CPU.ActiveCfg = Debug|Any CPU
		{12E1551D-B52F-4D28-9952-DE2199EB9FF1}.Debug|Any CPU.Build.0 = Debug|Any CPU
		{12E1551D-B52F-4D28-9952-DE2199EB9FF1}.Release|Any CPU.ActiveCfg = Release|Any CPU
		{12E1551D-B52F-4D28-9952-DE2199EB9FF1}.Release|Any CPU.Build.0 = Release|Any CPU
		{1C5460CA-35E2-49B1-BD0A-0B736DDEE900}.Debug|Any CPU.ActiveCfg = Debug|Any CPU
		{1C5460CA-35E2-49B1-BD0A-0B736DDEE900}.Debug|Any CPU.Build.0 = Debug|Any CPU
		{1C5460CA-35E2-49B1-BD0A-0B736DDEE900}.Release|Any CPU.ActiveCfg = Release|Any CPU
		{1C5460CA-35E2-49B1-BD0A-0B736DDEE900}.Release|Any CPU.Build.0 = Release|Any CPU
		{A278A712-7C8A-46A5-8F59-253DD8F644A8}.Debug|Any CPU.ActiveCfg = Debug|Any CPU
		{A278A712-7C8A-46A5-8F59-253DD8F644A8}.Debug|Any CPU.Build.0 = Debug|Any CPU
		{A278A712-7C8A-46A5-8F59-253DD8F644A8}.Release|Any CPU.ActiveCfg = Release|Any CPU
		{A278A712-7C8A-46A5-8F59-253DD8F644A8}.Release|Any CPU.Build.0 = Release|Any CPU
		{03EC1944-8F33-4467-83A9-3F0FCA5911CC}.Debug|Any CPU.ActiveCfg = Debug|Any CPU
		{03EC1944-8F33-4467-83A9-3F0FCA5911CC}.Debug|Any CPU.Build.0 = Debug|Any CPU
		{03EC1944-8F33-4467-83A9-3F0FCA5911CC}.Release|Any CPU.ActiveCfg = Release|Any CPU
		{03EC1944-8F33-4467-83A9-3F0FCA5911CC}.Release|Any CPU.Build.0 = Release|Any CPU
		{2165F74F-BE34-41B0-A32A-5A58B8060C01}.Debug|Any CPU.ActiveCfg = Debug|Any CPU
		{2165F74F-BE34-41B0-A32A-5A58B8060C01}.Debug|Any CPU.Build.0 = Debug|Any CPU
		{2165F74F-BE34-41B0-A32A-5A58B8060C01}.Release|Any CPU.ActiveCfg = Release|Any CPU
		{2165F74F-BE34-41B0-A32A-5A58B8060C01}.Release|Any CPU.Build.0 = Release|Any CPU
		{341B2679-A3C3-44A8-84C7-B77A6460F64B}.Debug|Any CPU.ActiveCfg = Debug|Any CPU
		{341B2679-A3C3-44A8-84C7-B77A6460F64B}.Debug|Any CPU.Build.0 = Debug|Any CPU
		{341B2679-A3C3-44A8-84C7-B77A6460F64B}.Release|Any CPU.ActiveCfg = Release|Any CPU
		{341B2679-A3C3-44A8-84C7-B77A6460F64B}.Release|Any CPU.Build.0 = Release|Any CPU
		{37B75A98-36C8-4FF0-B1EC-BDFD2AD688CB}.Debug|Any CPU.ActiveCfg = Debug|Any CPU
		{37B75A98-36C8-4FF0-B1EC-BDFD2AD688CB}.Debug|Any CPU.Build.0 = Debug|Any CPU
		{37B75A98-36C8-4FF0-B1EC-BDFD2AD688CB}.Release|Any CPU.ActiveCfg = Release|Any CPU
		{37B75A98-36C8-4FF0-B1EC-BDFD2AD688CB}.Release|Any CPU.Build.0 = Release|Any CPU
		{3079C5D6-BEB5-46F4-8C1E-0D44BFA723C8}.Debug|Any CPU.ActiveCfg = Debug|Any CPU
		{3079C5D6-BEB5-46F4-8C1E-0D44BFA723C8}.Debug|Any CPU.Build.0 = Debug|Any CPU
		{3079C5D6-BEB5-46F4-8C1E-0D44BFA723C8}.Release|Any CPU.ActiveCfg = Release|Any CPU
		{3079C5D6-BEB5-46F4-8C1E-0D44BFA723C8}.Release|Any CPU.Build.0 = Release|Any CPU
		{346520F1-3421-4AA3-ACCD-89AD4EC53FFB}.Debug|Any CPU.ActiveCfg = Debug|Any CPU
		{346520F1-3421-4AA3-ACCD-89AD4EC53FFB}.Debug|Any CPU.Build.0 = Debug|Any CPU
		{346520F1-3421-4AA3-ACCD-89AD4EC53FFB}.Release|Any CPU.ActiveCfg = Release|Any CPU
		{346520F1-3421-4AA3-ACCD-89AD4EC53FFB}.Release|Any CPU.Build.0 = Release|Any CPU
		{C7D107A3-311D-4DB3-BF5B-521B46BFA275}.Debug|Any CPU.ActiveCfg = Debug|Any CPU
		{C7D107A3-311D-4DB3-BF5B-521B46BFA275}.Debug|Any CPU.Build.0 = Debug|Any CPU
		{C7D107A3-311D-4DB3-BF5B-521B46BFA275}.Release|Any CPU.ActiveCfg = Release|Any CPU
		{C7D107A3-311D-4DB3-BF5B-521B46BFA275}.Release|Any CPU.Build.0 = Release|Any CPU
		{7BDDE153-C055-47F0-8859-A2AFB86FEC10}.Debug|Any CPU.ActiveCfg = Debug|Any CPU
		{7BDDE153-C055-47F0-8859-A2AFB86FEC10}.Debug|Any CPU.Build.0 = Debug|Any CPU
		{7BDDE153-C055-47F0-8859-A2AFB86FEC10}.Release|Any CPU.ActiveCfg = Release|Any CPU
		{7BDDE153-C055-47F0-8859-A2AFB86FEC10}.Release|Any CPU.Build.0 = Release|Any CPU
		{FECDDA6C-8461-44AF-8344-B805E7A6B17F}.Debug|Any CPU.ActiveCfg = Debug|Any CPU
		{FECDDA6C-8461-44AF-8344-B805E7A6B17F}.Debug|Any CPU.Build.0 = Debug|Any CPU
		{FECDDA6C-8461-44AF-8344-B805E7A6B17F}.Release|Any CPU.ActiveCfg = Release|Any CPU
		{FECDDA6C-8461-44AF-8344-B805E7A6B17F}.Release|Any CPU.Build.0 = Release|Any CPU
		{A9D245A4-F6FF-4867-9D57-DB6A870BB1EF}.Debug|Any CPU.ActiveCfg = Debug|Any CPU
		{A9D245A4-F6FF-4867-9D57-DB6A870BB1EF}.Debug|Any CPU.Build.0 = Debug|Any CPU
		{A9D245A4-F6FF-4867-9D57-DB6A870BB1EF}.Release|Any CPU.ActiveCfg = Release|Any CPU
		{A9D245A4-F6FF-4867-9D57-DB6A870BB1EF}.Release|Any CPU.Build.0 = Release|Any CPU
		{DA5A59C7-F9E9-4BC8-8378-F41C30134990}.Debug|Any CPU.ActiveCfg = Debug|Any CPU
		{DA5A59C7-F9E9-4BC8-8378-F41C30134990}.Debug|Any CPU.Build.0 = Debug|Any CPU
		{DA5A59C7-F9E9-4BC8-8378-F41C30134990}.Release|Any CPU.ActiveCfg = Release|Any CPU
		{DA5A59C7-F9E9-4BC8-8378-F41C30134990}.Release|Any CPU.Build.0 = Release|Any CPU
		{B4158A67-1ECB-4B4C-8D08-06ACCBF152F7}.Debug|Any CPU.ActiveCfg = Debug|Any CPU
		{B4158A67-1ECB-4B4C-8D08-06ACCBF152F7}.Debug|Any CPU.Build.0 = Debug|Any CPU
		{B4158A67-1ECB-4B4C-8D08-06ACCBF152F7}.Release|Any CPU.ActiveCfg = Release|Any CPU
		{B4158A67-1ECB-4B4C-8D08-06ACCBF152F7}.Release|Any CPU.Build.0 = Release|Any CPU
		{1B7DB598-3782-48C6-AB08-BBDD371A3A6F}.Debug|Any CPU.ActiveCfg = Debug|Any CPU
		{1B7DB598-3782-48C6-AB08-BBDD371A3A6F}.Debug|Any CPU.Build.0 = Debug|Any CPU
		{1B7DB598-3782-48C6-AB08-BBDD371A3A6F}.Release|Any CPU.ActiveCfg = Release|Any CPU
		{1B7DB598-3782-48C6-AB08-BBDD371A3A6F}.Release|Any CPU.Build.0 = Release|Any CPU
		{9F86F64E-68CF-4483-8E15-12505050D63E}.Debug|Any CPU.ActiveCfg = Debug|Any CPU
		{9F86F64E-68CF-4483-8E15-12505050D63E}.Debug|Any CPU.Build.0 = Debug|Any CPU
		{9F86F64E-68CF-4483-8E15-12505050D63E}.Release|Any CPU.ActiveCfg = Release|Any CPU
		{9F86F64E-68CF-4483-8E15-12505050D63E}.Release|Any CPU.Build.0 = Release|Any CPU
		{4318B605-6D0A-44F1-9434-B6FA0EC2A540}.Debug|Any CPU.ActiveCfg = Debug|Any CPU
		{4318B605-6D0A-44F1-9434-B6FA0EC2A540}.Debug|Any CPU.Build.0 = Debug|Any CPU
		{4318B605-6D0A-44F1-9434-B6FA0EC2A540}.Release|Any CPU.ActiveCfg = Release|Any CPU
		{4318B605-6D0A-44F1-9434-B6FA0EC2A540}.Release|Any CPU.Build.0 = Release|Any CPU
		{81732BF3-57EE-44D8-A018-7D6871BBE511}.Debug|Any CPU.ActiveCfg = Debug|Any CPU
		{81732BF3-57EE-44D8-A018-7D6871BBE511}.Debug|Any CPU.Build.0 = Debug|Any CPU
		{81732BF3-57EE-44D8-A018-7D6871BBE511}.Release|Any CPU.ActiveCfg = Release|Any CPU
		{81732BF3-57EE-44D8-A018-7D6871BBE511}.Release|Any CPU.Build.0 = Release|Any CPU
		{4A16EAA4-7319-4308-8AF9-74E922E80F57}.Debug|Any CPU.ActiveCfg = Debug|Any CPU
		{4A16EAA4-7319-4308-8AF9-74E922E80F57}.Debug|Any CPU.Build.0 = Debug|Any CPU
		{4A16EAA4-7319-4308-8AF9-74E922E80F57}.Release|Any CPU.ActiveCfg = Release|Any CPU
		{4A16EAA4-7319-4308-8AF9-74E922E80F57}.Release|Any CPU.Build.0 = Release|Any CPU
	EndGlobalSection
	GlobalSection(SolutionProperties) = preSolution
		HideSolutionNode = FALSE
	EndGlobalSection
	GlobalSection(ExtensibilityGlobals) = postSolution
		SolutionGuid = {A92C67E6-028B-49C4-83E3-5CF67360287D}
	EndGlobalSection
EndGlobal
